// !$*UTF8*$!
{
	archiveVersion = 1;
	classes = {
	};
	objectVersion = 46;
	objects = {

/* Begin PBXBuildFile section */
		6136FA8D1DC6F42500A6C9BF /* libcrypto.a in Frameworks */ = {isa = PBXBuildFile; fileRef = 6136FA8B1DC6F42500A6C9BF /* libcrypto.a */; };
		6136FA8E1DC6F42500A6C9BF /* libssl.a in Frameworks */ = {isa = PBXBuildFile; fileRef = 6136FA8C1DC6F42500A6C9BF /* libssl.a */; };
		61B6FAD81DC4BEB500F386D4 /* NSData+OpenSSL.m in Sources */ = {isa = PBXBuildFile; fileRef = 61B6FAD21DC4BEB500F386D4 /* NSData+OpenSSL.m */; };
		61B6FAD91DC4BEB500F386D4 /* QRFormatConvert.m in Sources */ = {isa = PBXBuildFile; fileRef = 61B6FAD41DC4BEB500F386D4 /* QRFormatConvert.m */; };
		61B6FADA1DC4BEB500F386D4 /* QRSecCrypto.m in Sources */ = {isa = PBXBuildFile; fileRef = 61B6FAD61DC4BEB500F386D4 /* QRSecCrypto.m */; };
		61B6FAF61DC4C09E00F386D4 /* QuickRSA.h in CopyFiles */ = {isa = PBXBuildFile; fileRef = 61B6FAD71DC4BEB500F386D4 /* QuickRSA.h */; };
		61B6FAF71DC4C09E00F386D4 /* QRSecCrypto.h in CopyFiles */ = {isa = PBXBuildFile; fileRef = 61B6FAD51DC4BEB500F386D4 /* QRSecCrypto.h */; };
		61B6FAF81DC4C09E00F386D4 /* QRFormatConvert.h in CopyFiles */ = {isa = PBXBuildFile; fileRef = 61B6FAD31DC4BEB500F386D4 /* QRFormatConvert.h */; };
		61B6FAF91DC4C09E00F386D4 /* NSData+OpenSSL.h in CopyFiles */ = {isa = PBXBuildFile; fileRef = 61B6FAD11DC4BEB500F386D4 /* NSData+OpenSSL.h */; };
/* End PBXBuildFile section */

/* Begin PBXCopyFilesBuildPhase section */
		61B6FA6B1DC4BDB700F386D4 /* CopyFiles */ = {
			isa = PBXCopyFilesBuildPhase;
			buildActionMask = 2147483647;
			dstPath = "include/$(PRODUCT_NAME)";
			dstSubfolderSpec = 16;
			files = (
				61B6FAF61DC4C09E00F386D4 /* QuickRSA.h in CopyFiles */,
				61B6FAF71DC4C09E00F386D4 /* QRSecCrypto.h in CopyFiles */,
				61B6FAF81DC4C09E00F386D4 /* QRFormatConvert.h in CopyFiles */,
				61B6FAF91DC4C09E00F386D4 /* NSData+OpenSSL.h in CopyFiles */,
			);
			runOnlyForDeploymentPostprocessing = 0;
		};
/* End PBXCopyFilesBuildPhase section */

/* Begin PBXFileReference section */
		6136FA3D1DC6F42500A6C9BF /* LICENSE */ = {isa = PBXFileReference; fileEncoding = 4; lastKnownFileType = text; path = LICENSE; sourceTree = "<group>"; };
		6136FA3F1DC6F42500A6C9BF /* aes.h */ = {isa = PBXFileReference; fileEncoding = 4; lastKnownFileType = sourcecode.c.h; path = aes.h; sourceTree = "<group>"; };
		6136FA401DC6F42500A6C9BF /* asn1.h */ = {isa = PBXFileReference; fileEncoding = 4; lastKnownFileType = sourcecode.c.h; path = asn1.h; sourceTree = "<group>"; };
		6136FA411DC6F42500A6C9BF /* asn1_mac.h */ = {isa = PBXFileReference; fileEncoding = 4; lastKnownFileType = sourcecode.c.h; path = asn1_mac.h; sourceTree = "<group>"; };
		6136FA421DC6F42500A6C9BF /* asn1t.h */ = {isa = PBXFileReference; fileEncoding = 4; lastKnownFileType = sourcecode.c.h; path = asn1t.h; sourceTree = "<group>"; };
		6136FA431DC6F42500A6C9BF /* bio.h */ = {isa = PBXFileReference; fileEncoding = 4; lastKnownFileType = sourcecode.c.h; path = bio.h; sourceTree = "<group>"; };
		6136FA441DC6F42500A6C9BF /* blowfish.h */ = {isa = PBXFileReference; fileEncoding = 4; lastKnownFileType = sourcecode.c.h; path = blowfish.h; sourceTree = "<group>"; };
		6136FA451DC6F42500A6C9BF /* bn.h */ = {isa = PBXFileReference; fileEncoding = 4; lastKnownFileType = sourcecode.c.h; path = bn.h; sourceTree = "<group>"; };
		6136FA461DC6F42500A6C9BF /* buffer.h */ = {isa = PBXFileReference; fileEncoding = 4; lastKnownFileType = sourcecode.c.h; path = buffer.h; sourceTree = "<group>"; };
		6136FA471DC6F42500A6C9BF /* camellia.h */ = {isa = PBXFileReference; fileEncoding = 4; lastKnownFileType = sourcecode.c.h; path = camellia.h; sourceTree = "<group>"; };
		6136FA481DC6F42500A6C9BF /* cast.h */ = {isa = PBXFileReference; fileEncoding = 4; lastKnownFileType = sourcecode.c.h; path = cast.h; sourceTree = "<group>"; };
		6136FA491DC6F42500A6C9BF /* cmac.h */ = {isa = PBXFileReference; fileEncoding = 4; lastKnownFileType = sourcecode.c.h; path = cmac.h; sourceTree = "<group>"; };
		6136FA4A1DC6F42500A6C9BF /* cms.h */ = {isa = PBXFileReference; fileEncoding = 4; lastKnownFileType = sourcecode.c.h; path = cms.h; sourceTree = "<group>"; };
		6136FA4B1DC6F42500A6C9BF /* comp.h */ = {isa = PBXFileReference; fileEncoding = 4; lastKnownFileType = sourcecode.c.h; path = comp.h; sourceTree = "<group>"; };
		6136FA4C1DC6F42500A6C9BF /* conf.h */ = {isa = PBXFileReference; fileEncoding = 4; lastKnownFileType = sourcecode.c.h; path = conf.h; sourceTree = "<group>"; };
		6136FA4D1DC6F42500A6C9BF /* conf_api.h */ = {isa = PBXFileReference; fileEncoding = 4; lastKnownFileType = sourcecode.c.h; path = conf_api.h; sourceTree = "<group>"; };
		6136FA4E1DC6F42500A6C9BF /* crypto.h */ = {isa = PBXFileReference; fileEncoding = 4; lastKnownFileType = sourcecode.c.h; path = crypto.h; sourceTree = "<group>"; };
		6136FA4F1DC6F42500A6C9BF /* des.h */ = {isa = PBXFileReference; fileEncoding = 4; lastKnownFileType = sourcecode.c.h; path = des.h; sourceTree = "<group>"; };
		6136FA501DC6F42500A6C9BF /* des_old.h */ = {isa = PBXFileReference; fileEncoding = 4; lastKnownFileType = sourcecode.c.h; path = des_old.h; sourceTree = "<group>"; };
		6136FA511DC6F42500A6C9BF /* dh.h */ = {isa = PBXFileReference; fileEncoding = 4; lastKnownFileType = sourcecode.c.h; path = dh.h; sourceTree = "<group>"; };
		6136FA521DC6F42500A6C9BF /* dsa.h */ = {isa = PBXFileReference; fileEncoding = 4; lastKnownFileType = sourcecode.c.h; path = dsa.h; sourceTree = "<group>"; };
		6136FA531DC6F42500A6C9BF /* dso.h */ = {isa = PBXFileReference; fileEncoding = 4; lastKnownFileType = sourcecode.c.h; path = dso.h; sourceTree = "<group>"; };
		6136FA541DC6F42500A6C9BF /* dtls1.h */ = {isa = PBXFileReference; fileEncoding = 4; lastKnownFileType = sourcecode.c.h; path = dtls1.h; sourceTree = "<group>"; };
		6136FA551DC6F42500A6C9BF /* e_os2.h */ = {isa = PBXFileReference; fileEncoding = 4; lastKnownFileType = sourcecode.c.h; path = e_os2.h; sourceTree = "<group>"; };
		6136FA561DC6F42500A6C9BF /* ebcdic.h */ = {isa = PBXFileReference; fileEncoding = 4; lastKnownFileType = sourcecode.c.h; path = ebcdic.h; sourceTree = "<group>"; };
		6136FA571DC6F42500A6C9BF /* ec.h */ = {isa = PBXFileReference; fileEncoding = 4; lastKnownFileType = sourcecode.c.h; path = ec.h; sourceTree = "<group>"; };
		6136FA581DC6F42500A6C9BF /* ecdh.h */ = {isa = PBXFileReference; fileEncoding = 4; lastKnownFileType = sourcecode.c.h; path = ecdh.h; sourceTree = "<group>"; };
		6136FA591DC6F42500A6C9BF /* ecdsa.h */ = {isa = PBXFileReference; fileEncoding = 4; lastKnownFileType = sourcecode.c.h; path = ecdsa.h; sourceTree = "<group>"; };
		6136FA5A1DC6F42500A6C9BF /* engine.h */ = {isa = PBXFileReference; fileEncoding = 4; lastKnownFileType = sourcecode.c.h; path = engine.h; sourceTree = "<group>"; };
		6136FA5B1DC6F42500A6C9BF /* err.h */ = {isa = PBXFileReference; fileEncoding = 4; lastKnownFileType = sourcecode.c.h; path = err.h; sourceTree = "<group>"; };
		6136FA5C1DC6F42500A6C9BF /* evp.h */ = {isa = PBXFileReference; fileEncoding = 4; lastKnownFileType = sourcecode.c.h; path = evp.h; sourceTree = "<group>"; };
		6136FA5D1DC6F42500A6C9BF /* hmac.h */ = {isa = PBXFileReference; fileEncoding = 4; lastKnownFileType = sourcecode.c.h; path = hmac.h; sourceTree = "<group>"; };
		6136FA5E1DC6F42500A6C9BF /* idea.h */ = {isa = PBXFileReference; fileEncoding = 4; lastKnownFileType = sourcecode.c.h; path = idea.h; sourceTree = "<group>"; };
		6136FA5F1DC6F42500A6C9BF /* krb5_asn.h */ = {isa = PBXFileReference; fileEncoding = 4; lastKnownFileType = sourcecode.c.h; path = krb5_asn.h; sourceTree = "<group>"; };
		6136FA601DC6F42500A6C9BF /* kssl.h */ = {isa = PBXFileReference; fileEncoding = 4; lastKnownFileType = sourcecode.c.h; path = kssl.h; sourceTree = "<group>"; };
		6136FA611DC6F42500A6C9BF /* lhash.h */ = {isa = PBXFileReference; fileEncoding = 4; lastKnownFileType = sourcecode.c.h; path = lhash.h; sourceTree = "<group>"; };
		6136FA621DC6F42500A6C9BF /* md4.h */ = {isa = PBXFileReference; fileEncoding = 4; lastKnownFileType = sourcecode.c.h; path = md4.h; sourceTree = "<group>"; };
		6136FA631DC6F42500A6C9BF /* md5.h */ = {isa = PBXFileReference; fileEncoding = 4; lastKnownFileType = sourcecode.c.h; path = md5.h; sourceTree = "<group>"; };
		6136FA641DC6F42500A6C9BF /* mdc2.h */ = {isa = PBXFileReference; fileEncoding = 4; lastKnownFileType = sourcecode.c.h; path = mdc2.h; sourceTree = "<group>"; };
		6136FA651DC6F42500A6C9BF /* modes.h */ = {isa = PBXFileReference; fileEncoding = 4; lastKnownFileType = sourcecode.c.h; path = modes.h; sourceTree = "<group>"; };
		6136FA661DC6F42500A6C9BF /* obj_mac.h */ = {isa = PBXFileReference; fileEncoding = 4; lastKnownFileType = sourcecode.c.h; path = obj_mac.h; sourceTree = "<group>"; };
		6136FA671DC6F42500A6C9BF /* objects.h */ = {isa = PBXFileReference; fileEncoding = 4; lastKnownFileType = sourcecode.c.h; path = objects.h; sourceTree = "<group>"; };
		6136FA681DC6F42500A6C9BF /* ocsp.h */ = {isa = PBXFileReference; fileEncoding = 4; lastKnownFileType = sourcecode.c.h; path = ocsp.h; sourceTree = "<group>"; };
		6136FA691DC6F42500A6C9BF /* opensslconf.h */ = {isa = PBXFileReference; fileEncoding = 4; lastKnownFileType = sourcecode.c.h; path = opensslconf.h; sourceTree = "<group>"; };
		6136FA6A1DC6F42500A6C9BF /* opensslv.h */ = {isa = PBXFileReference; fileEncoding = 4; lastKnownFileType = sourcecode.c.h; path = opensslv.h; sourceTree = "<group>"; };
		6136FA6B1DC6F42500A6C9BF /* ossl_typ.h */ = {isa = PBXFileReference; fileEncoding = 4; lastKnownFileType = sourcecode.c.h; path = ossl_typ.h; sourceTree = "<group>"; };
		6136FA6C1DC6F42500A6C9BF /* pem.h */ = {isa = PBXFileReference; fileEncoding = 4; lastKnownFileType = sourcecode.c.h; path = pem.h; sourceTree = "<group>"; };
		6136FA6D1DC6F42500A6C9BF /* pem2.h */ = {isa = PBXFileReference; fileEncoding = 4; lastKnownFileType = sourcecode.c.h; path = pem2.h; sourceTree = "<group>"; };
		6136FA6E1DC6F42500A6C9BF /* pkcs12.h */ = {isa = PBXFileReference; fileEncoding = 4; lastKnownFileType = sourcecode.c.h; path = pkcs12.h; sourceTree = "<group>"; };
		6136FA6F1DC6F42500A6C9BF /* pkcs7.h */ = {isa = PBXFileReference; fileEncoding = 4; lastKnownFileType = sourcecode.c.h; path = pkcs7.h; sourceTree = "<group>"; };
		6136FA701DC6F42500A6C9BF /* pqueue.h */ = {isa = PBXFileReference; fileEncoding = 4; lastKnownFileType = sourcecode.c.h; path = pqueue.h; sourceTree = "<group>"; };
		6136FA711DC6F42500A6C9BF /* rand.h */ = {isa = PBXFileReference; fileEncoding = 4; lastKnownFileType = sourcecode.c.h; path = rand.h; sourceTree = "<group>"; };
		6136FA721DC6F42500A6C9BF /* rc2.h */ = {isa = PBXFileReference; fileEncoding = 4; lastKnownFileType = sourcecode.c.h; path = rc2.h; sourceTree = "<group>"; };
		6136FA731DC6F42500A6C9BF /* rc4.h */ = {isa = PBXFileReference; fileEncoding = 4; lastKnownFileType = sourcecode.c.h; path = rc4.h; sourceTree = "<group>"; };
		6136FA741DC6F42500A6C9BF /* ripemd.h */ = {isa = PBXFileReference; fileEncoding = 4; lastKnownFileType = sourcecode.c.h; path = ripemd.h; sourceTree = "<group>"; };
		6136FA751DC6F42500A6C9BF /* rsa.h */ = {isa = PBXFileReference; fileEncoding = 4; lastKnownFileType = sourcecode.c.h; path = rsa.h; sourceTree = "<group>"; };
		6136FA761DC6F42500A6C9BF /* safestack.h */ = {isa = PBXFileReference; fileEncoding = 4; lastKnownFileType = sourcecode.c.h; path = safestack.h; sourceTree = "<group>"; };
		6136FA771DC6F42500A6C9BF /* seed.h */ = {isa = PBXFileReference; fileEncoding = 4; lastKnownFileType = sourcecode.c.h; path = seed.h; sourceTree = "<group>"; };
		6136FA781DC6F42500A6C9BF /* sha.h */ = {isa = PBXFileReference; fileEncoding = 4; lastKnownFileType = sourcecode.c.h; path = sha.h; sourceTree = "<group>"; };
		6136FA791DC6F42500A6C9BF /* srp.h */ = {isa = PBXFileReference; fileEncoding = 4; lastKnownFileType = sourcecode.c.h; path = srp.h; sourceTree = "<group>"; };
		6136FA7A1DC6F42500A6C9BF /* srtp.h */ = {isa = PBXFileReference; fileEncoding = 4; lastKnownFileType = sourcecode.c.h; path = srtp.h; sourceTree = "<group>"; };
		6136FA7B1DC6F42500A6C9BF /* ssl.h */ = {isa = PBXFileReference; fileEncoding = 4; lastKnownFileType = sourcecode.c.h; path = ssl.h; sourceTree = "<group>"; };
		6136FA7C1DC6F42500A6C9BF /* ssl2.h */ = {isa = PBXFileReference; fileEncoding = 4; lastKnownFileType = sourcecode.c.h; path = ssl2.h; sourceTree = "<group>"; };
		6136FA7D1DC6F42500A6C9BF /* ssl23.h */ = {isa = PBXFileReference; fileEncoding = 4; lastKnownFileType = sourcecode.c.h; path = ssl23.h; sourceTree = "<group>"; };
		6136FA7E1DC6F42500A6C9BF /* ssl3.h */ = {isa = PBXFileReference; fileEncoding = 4; lastKnownFileType = sourcecode.c.h; path = ssl3.h; sourceTree = "<group>"; };
		6136FA7F1DC6F42500A6C9BF /* stack.h */ = {isa = PBXFileReference; fileEncoding = 4; lastKnownFileType = sourcecode.c.h; path = stack.h; sourceTree = "<group>"; };
		6136FA801DC6F42500A6C9BF /* symhacks.h */ = {isa = PBXFileReference; fileEncoding = 4; lastKnownFileType = sourcecode.c.h; path = symhacks.h; sourceTree = "<group>"; };
		6136FA811DC6F42500A6C9BF /* tls1.h */ = {isa = PBXFileReference; fileEncoding = 4; lastKnownFileType = sourcecode.c.h; path = tls1.h; sourceTree = "<group>"; };
		6136FA821DC6F42500A6C9BF /* ts.h */ = {isa = PBXFileReference; fileEncoding = 4; lastKnownFileType = sourcecode.c.h; path = ts.h; sourceTree = "<group>"; };
		6136FA831DC6F42500A6C9BF /* txt_db.h */ = {isa = PBXFileReference; fileEncoding = 4; lastKnownFileType = sourcecode.c.h; path = txt_db.h; sourceTree = "<group>"; };
		6136FA841DC6F42500A6C9BF /* ui.h */ = {isa = PBXFileReference; fileEncoding = 4; lastKnownFileType = sourcecode.c.h; path = ui.h; sourceTree = "<group>"; };
		6136FA851DC6F42500A6C9BF /* ui_compat.h */ = {isa = PBXFileReference; fileEncoding = 4; lastKnownFileType = sourcecode.c.h; path = ui_compat.h; sourceTree = "<group>"; };
		6136FA861DC6F42500A6C9BF /* whrlpool.h */ = {isa = PBXFileReference; fileEncoding = 4; lastKnownFileType = sourcecode.c.h; path = whrlpool.h; sourceTree = "<group>"; };
		6136FA871DC6F42500A6C9BF /* x509.h */ = {isa = PBXFileReference; fileEncoding = 4; lastKnownFileType = sourcecode.c.h; path = x509.h; sourceTree = "<group>"; };
		6136FA881DC6F42500A6C9BF /* x509_vfy.h */ = {isa = PBXFileReference; fileEncoding = 4; lastKnownFileType = sourcecode.c.h; path = x509_vfy.h; sourceTree = "<group>"; };
		6136FA891DC6F42500A6C9BF /* x509v3.h */ = {isa = PBXFileReference; fileEncoding = 4; lastKnownFileType = sourcecode.c.h; path = x509v3.h; sourceTree = "<group>"; };
		6136FA8B1DC6F42500A6C9BF /* libcrypto.a */ = {isa = PBXFileReference; lastKnownFileType = archive.ar; path = libcrypto.a; sourceTree = "<group>"; };
		6136FA8C1DC6F42500A6C9BF /* libssl.a */ = {isa = PBXFileReference; lastKnownFileType = archive.ar; path = libssl.a; sourceTree = "<group>"; };
		61B6FA6D1DC4BDB700F386D4 /* libQuickRSA.a */ = {isa = PBXFileReference; explicitFileType = archive.ar; includeInIndex = 0; path = libQuickRSA.a; sourceTree = BUILT_PRODUCTS_DIR; };
		61B6FA7A1DC4BDF900F386D4 /* AppleWWDRCA.cer */ = {isa = PBXFileReference; lastKnownFileType = file; path = AppleWWDRCA.cer; sourceTree = "<group>"; };
		61B6FA7B1DC4BDF900F386D4 /* gen_rsa_key.sh */ = {isa = PBXFileReference; lastKnownFileType = text.script.sh; path = gen_rsa_key.sh; sourceTree = "<group>"; };
		61B6FA7C1DC4BDF900F386D4 /* test_rsa_key.sh */ = {isa = PBXFileReference; lastKnownFileType = text.script.sh; path = test_rsa_key.sh; sourceTree = "<group>"; };
		61B6FAD11DC4BEB500F386D4 /* NSData+OpenSSL.h */ = {isa = PBXFileReference; fileEncoding = 4; lastKnownFileType = sourcecode.c.h; path = "NSData+OpenSSL.h"; sourceTree = "<group>"; };
		61B6FAD21DC4BEB500F386D4 /* NSData+OpenSSL.m */ = {isa = PBXFileReference; fileEncoding = 4; lastKnownFileType = sourcecode.c.objc; path = "NSData+OpenSSL.m"; sourceTree = "<group>"; };
		61B6FAD31DC4BEB500F386D4 /* QRFormatConvert.h */ = {isa = PBXFileReference; fileEncoding = 4; lastKnownFileType = sourcecode.c.h; path = QRFormatConvert.h; sourceTree = "<group>"; };
		61B6FAD41DC4BEB500F386D4 /* QRFormatConvert.m */ = {isa = PBXFileReference; fileEncoding = 4; lastKnownFileType = sourcecode.c.objc; path = QRFormatConvert.m; sourceTree = "<group>"; };
		61B6FAD51DC4BEB500F386D4 /* QRSecCrypto.h */ = {isa = PBXFileReference; fileEncoding = 4; lastKnownFileType = sourcecode.c.h; path = QRSecCrypto.h; sourceTree = "<group>"; };
		61B6FAD61DC4BEB500F386D4 /* QRSecCrypto.m */ = {isa = PBXFileReference; fileEncoding = 4; lastKnownFileType = sourcecode.c.objc; path = QRSecCrypto.m; sourceTree = "<group>"; };
		61B6FAD71DC4BEB500F386D4 /* QuickRSA.h */ = {isa = PBXFileReference; fileEncoding = 4; lastKnownFileType = sourcecode.c.h; path = QuickRSA.h; sourceTree = "<group>"; };
/* End PBXFileReference section */

/* Begin PBXFrameworksBuildPhase section */
		61B6FA6A1DC4BDB700F386D4 /* Frameworks */ = {
			isa = PBXFrameworksBuildPhase;
			buildActionMask = 2147483647;
			files = (
				6136FA8E1DC6F42500A6C9BF /* libssl.a in Frameworks */,
				6136FA8D1DC6F42500A6C9BF /* libcrypto.a in Frameworks */,
			);
			runOnlyForDeploymentPostprocessing = 0;
		};
/* End PBXFrameworksBuildPhase section */

/* Begin PBXGroup section */
		6136FA3A1DC6F42500A6C9BF /* third-party */ = {
			isa = PBXGroup;
			children = (
				6136FA3B1DC6F42500A6C9BF /* OpenSSL */,
			);
			path = "third-party";
			sourceTree = "<group>";
		};
		6136FA3B1DC6F42500A6C9BF /* OpenSSL */ = {
			isa = PBXGroup;
			children = (
				6136FA3C1DC6F42500A6C9BF /* include */,
				6136FA8A1DC6F42500A6C9BF /* lib */,
			);
			path = OpenSSL;
			sourceTree = "<group>";
		};
		6136FA3C1DC6F42500A6C9BF /* include */ = {
			isa = PBXGroup;
			children = (
				6136FA3D1DC6F42500A6C9BF /* LICENSE */,
				6136FA3E1DC6F42500A6C9BF /* openssl */,
			);
			path = include;
			sourceTree = "<group>";
		};
		6136FA3E1DC6F42500A6C9BF /* openssl */ = {
			isa = PBXGroup;
			children = (
				6136FA3F1DC6F42500A6C9BF /* aes.h */,
				6136FA401DC6F42500A6C9BF /* asn1.h */,
				6136FA411DC6F42500A6C9BF /* asn1_mac.h */,
				6136FA421DC6F42500A6C9BF /* asn1t.h */,
				6136FA431DC6F42500A6C9BF /* bio.h */,
				6136FA441DC6F42500A6C9BF /* blowfish.h */,
				6136FA451DC6F42500A6C9BF /* bn.h */,
				6136FA461DC6F42500A6C9BF /* buffer.h */,
				6136FA471DC6F42500A6C9BF /* camellia.h */,
				6136FA481DC6F42500A6C9BF /* cast.h */,
				6136FA491DC6F42500A6C9BF /* cmac.h */,
				6136FA4A1DC6F42500A6C9BF /* cms.h */,
				6136FA4B1DC6F42500A6C9BF /* comp.h */,
				6136FA4C1DC6F42500A6C9BF /* conf.h */,
				6136FA4D1DC6F42500A6C9BF /* conf_api.h */,
				6136FA4E1DC6F42500A6C9BF /* crypto.h */,
				6136FA4F1DC6F42500A6C9BF /* des.h */,
				6136FA501DC6F42500A6C9BF /* des_old.h */,
				6136FA511DC6F42500A6C9BF /* dh.h */,
				6136FA521DC6F42500A6C9BF /* dsa.h */,
				6136FA531DC6F42500A6C9BF /* dso.h */,
				6136FA541DC6F42500A6C9BF /* dtls1.h */,
				6136FA551DC6F42500A6C9BF /* e_os2.h */,
				6136FA561DC6F42500A6C9BF /* ebcdic.h */,
				6136FA571DC6F42500A6C9BF /* ec.h */,
				6136FA581DC6F42500A6C9BF /* ecdh.h */,
				6136FA591DC6F42500A6C9BF /* ecdsa.h */,
				6136FA5A1DC6F42500A6C9BF /* engine.h */,
				6136FA5B1DC6F42500A6C9BF /* err.h */,
				6136FA5C1DC6F42500A6C9BF /* evp.h */,
				6136FA5D1DC6F42500A6C9BF /* hmac.h */,
				6136FA5E1DC6F42500A6C9BF /* idea.h */,
				6136FA5F1DC6F42500A6C9BF /* krb5_asn.h */,
				6136FA601DC6F42500A6C9BF /* kssl.h */,
				6136FA611DC6F42500A6C9BF /* lhash.h */,
				6136FA621DC6F42500A6C9BF /* md4.h */,
				6136FA631DC6F42500A6C9BF /* md5.h */,
				6136FA641DC6F42500A6C9BF /* mdc2.h */,
				6136FA651DC6F42500A6C9BF /* modes.h */,
				6136FA661DC6F42500A6C9BF /* obj_mac.h */,
				6136FA671DC6F42500A6C9BF /* objects.h */,
				6136FA681DC6F42500A6C9BF /* ocsp.h */,
				6136FA691DC6F42500A6C9BF /* opensslconf.h */,
				6136FA6A1DC6F42500A6C9BF /* opensslv.h */,
				6136FA6B1DC6F42500A6C9BF /* ossl_typ.h */,
				6136FA6C1DC6F42500A6C9BF /* pem.h */,
				6136FA6D1DC6F42500A6C9BF /* pem2.h */,
				6136FA6E1DC6F42500A6C9BF /* pkcs12.h */,
				6136FA6F1DC6F42500A6C9BF /* pkcs7.h */,
				6136FA701DC6F42500A6C9BF /* pqueue.h */,
				6136FA711DC6F42500A6C9BF /* rand.h */,
				6136FA721DC6F42500A6C9BF /* rc2.h */,
				6136FA731DC6F42500A6C9BF /* rc4.h */,
				6136FA741DC6F42500A6C9BF /* ripemd.h */,
				6136FA751DC6F42500A6C9BF /* rsa.h */,
				6136FA761DC6F42500A6C9BF /* safestack.h */,
				6136FA771DC6F42500A6C9BF /* seed.h */,
				6136FA781DC6F42500A6C9BF /* sha.h */,
				6136FA791DC6F42500A6C9BF /* srp.h */,
				6136FA7A1DC6F42500A6C9BF /* srtp.h */,
				6136FA7B1DC6F42500A6C9BF /* ssl.h */,
				6136FA7C1DC6F42500A6C9BF /* ssl2.h */,
				6136FA7D1DC6F42500A6C9BF /* ssl23.h */,
				6136FA7E1DC6F42500A6C9BF /* ssl3.h */,
				6136FA7F1DC6F42500A6C9BF /* stack.h */,
				6136FA801DC6F42500A6C9BF /* symhacks.h */,
				6136FA811DC6F42500A6C9BF /* tls1.h */,
				6136FA821DC6F42500A6C9BF /* ts.h */,
				6136FA831DC6F42500A6C9BF /* txt_db.h */,
				6136FA841DC6F42500A6C9BF /* ui.h */,
				6136FA851DC6F42500A6C9BF /* ui_compat.h */,
				6136FA861DC6F42500A6C9BF /* whrlpool.h */,
				6136FA871DC6F42500A6C9BF /* x509.h */,
				6136FA881DC6F42500A6C9BF /* x509_vfy.h */,
				6136FA891DC6F42500A6C9BF /* x509v3.h */,
			);
			path = openssl;
			sourceTree = "<group>";
		};
		6136FA8A1DC6F42500A6C9BF /* lib */ = {
			isa = PBXGroup;
			children = (
				6136FA8B1DC6F42500A6C9BF /* libcrypto.a */,
				6136FA8C1DC6F42500A6C9BF /* libssl.a */,
			);
			path = lib;
			sourceTree = "<group>";
		};
		61B6FA641DC4BDB700F386D4 = {
			isa = PBXGroup;
			children = (
				61B6FA6F1DC4BDB800F386D4 /* QuickRSA */,
				61B6FA791DC4BDF900F386D4 /* GEN_RSA_KEY */,
				6136FA3A1DC6F42500A6C9BF /* third-party */,
				61B6FA6E1DC4BDB700F386D4 /* Products */,
			);
			sourceTree = "<group>";
		};
		61B6FA6E1DC4BDB700F386D4 /* Products */ = {
			isa = PBXGroup;
			children = (
				61B6FA6D1DC4BDB700F386D4 /* libQuickRSA.a */,
			);
			name = Products;
			sourceTree = "<group>";
		};
		61B6FA6F1DC4BDB800F386D4 /* QuickRSA */ = {
			isa = PBXGroup;
			children = (
				61B6FAD71DC4BEB500F386D4 /* QuickRSA.h */,
				61B6FAD51DC4BEB500F386D4 /* QRSecCrypto.h */,
				61B6FAD61DC4BEB500F386D4 /* QRSecCrypto.m */,
				61B6FAD31DC4BEB500F386D4 /* QRFormatConvert.h */,
				61B6FAD41DC4BEB500F386D4 /* QRFormatConvert.m */,
				61B6FAD11DC4BEB500F386D4 /* NSData+OpenSSL.h */,
				61B6FAD21DC4BEB500F386D4 /* NSData+OpenSSL.m */,
			);
			path = QuickRSA;
			sourceTree = "<group>";
		};
		61B6FA791DC4BDF900F386D4 /* GEN_RSA_KEY */ = {
			isa = PBXGroup;
			children = (
				61B6FA7A1DC4BDF900F386D4 /* AppleWWDRCA.cer */,
				61B6FA7B1DC4BDF900F386D4 /* gen_rsa_key.sh */,
				61B6FA7C1DC4BDF900F386D4 /* test_rsa_key.sh */,
			);
			path = GEN_RSA_KEY;
			sourceTree = "<group>";
		};
/* End PBXGroup section */

/* Begin PBXNativeTarget section */
		61B6FA6C1DC4BDB700F386D4 /* QuickRSA */ = {
			isa = PBXNativeTarget;
			buildConfigurationList = 61B6FA761DC4BDB800F386D4 /* Build configuration list for PBXNativeTarget "QuickRSA" */;
			buildPhases = (
				61B6FA691DC4BDB700F386D4 /* Sources */,
				61B6FA6A1DC4BDB700F386D4 /* Frameworks */,
				61B6FA6B1DC4BDB700F386D4 /* CopyFiles */,
			);
			buildRules = (
			);
			dependencies = (
			);
			name = QuickRSA;
			productName = QuickRSA;
			productReference = 61B6FA6D1DC4BDB700F386D4 /* libQuickRSA.a */;
			productType = "com.apple.product-type.library.static";
		};
/* End PBXNativeTarget section */

/* Begin PBXProject section */
		61B6FA651DC4BDB700F386D4 /* Project object */ = {
			isa = PBXProject;
			attributes = {
				LastUpgradeCheck = 0720;
				ORGANIZATIONNAME = liuyuning;
				TargetAttributes = {
					61B6FA6C1DC4BDB700F386D4 = {
						CreatedOnToolsVersion = 7.2.1;
					};
				};
			};
			buildConfigurationList = 61B6FA681DC4BDB700F386D4 /* Build configuration list for PBXProject "QuickRSA" */;
			compatibilityVersion = "Xcode 3.2";
			developmentRegion = English;
			hasScannedForEncodings = 0;
			knownRegions = (
				English,
				en,
				Base,
			);
			mainGroup = 61B6FA641DC4BDB700F386D4;
			productRefGroup = 61B6FA6E1DC4BDB700F386D4 /* Products */;
			projectDirPath = "";
			projectRoot = "";
			targets = (
				61B6FA6C1DC4BDB700F386D4 /* QuickRSA */,
			);
		};
/* End PBXProject section */

/* Begin PBXSourcesBuildPhase section */
		61B6FA691DC4BDB700F386D4 /* Sources */ = {
			isa = PBXSourcesBuildPhase;
			buildActionMask = 2147483647;
			files = (
				61B6FADA1DC4BEB500F386D4 /* QRSecCrypto.m in Sources */,
				61B6FAD81DC4BEB500F386D4 /* NSData+OpenSSL.m in Sources */,
				61B6FAD91DC4BEB500F386D4 /* QRFormatConvert.m in Sources */,
			);
			runOnlyForDeploymentPostprocessing = 0;
		};
/* End PBXSourcesBuildPhase section */

/* Begin XCBuildConfiguration section */
		61B6FA741DC4BDB800F386D4 /* Debug */ = {
			isa = XCBuildConfiguration;
			buildSettings = {
				ALWAYS_SEARCH_USER_PATHS = NO;
				CLANG_CXX_LANGUAGE_STANDARD = "gnu++0x";
				CLANG_CXX_LIBRARY = "libc++";
				CLANG_ENABLE_MODULES = YES;
				CLANG_ENABLE_OBJC_ARC = YES;
				CLANG_WARN_BOOL_CONVERSION = YES;
				CLANG_WARN_CONSTANT_CONVERSION = YES;
				CLANG_WARN_DIRECT_OBJC_ISA_USAGE = YES_ERROR;
				CLANG_WARN_EMPTY_BODY = YES;
				CLANG_WARN_ENUM_CONVERSION = YES;
				CLANG_WARN_INT_CONVERSION = YES;
				CLANG_WARN_OBJC_ROOT_CLASS = YES_ERROR;
				CLANG_WARN_UNREACHABLE_CODE = YES;
				CLANG_WARN__DUPLICATE_METHOD_MATCH = YES;
				"CODE_SIGN_IDENTITY[sdk=iphoneos*]" = "iPhone Developer";
				COPY_PHASE_STRIP = NO;
				DEBUG_INFORMATION_FORMAT = dwarf;
				ENABLE_STRICT_OBJC_MSGSEND = YES;
				ENABLE_TESTABILITY = YES;
				GCC_C_LANGUAGE_STANDARD = gnu99;
				GCC_DYNAMIC_NO_PIC = NO;
				GCC_NO_COMMON_BLOCKS = YES;
				GCC_OPTIMIZATION_LEVEL = 0;
				GCC_PREPROCESSOR_DEFINITIONS = (
					"DEBUG=1",
					"$(inherited)",
				);
				GCC_WARN_64_TO_32_BIT_CONVERSION = YES;
				GCC_WARN_ABOUT_RETURN_TYPE = YES_ERROR;
				GCC_WARN_UNDECLARED_SELECTOR = YES;
				GCC_WARN_UNINITIALIZED_AUTOS = YES_AGGRESSIVE;
				GCC_WARN_UNUSED_FUNCTION = YES;
				GCC_WARN_UNUSED_VARIABLE = YES;
				IPHONEOS_DEPLOYMENT_TARGET = 8.0;
				MTL_ENABLE_DEBUG_INFO = YES;
				SDKROOT = iphoneos;
			};
			name = Debug;
		};
		61B6FA751DC4BDB800F386D4 /* Release */ = {
			isa = XCBuildConfiguration;
			buildSettings = {
				ALWAYS_SEARCH_USER_PATHS = NO;
				CLANG_CXX_LANGUAGE_STANDARD = "gnu++0x";
				CLANG_CXX_LIBRARY = "libc++";
				CLANG_ENABLE_MODULES = YES;
				CLANG_ENABLE_OBJC_ARC = YES;
				CLANG_WARN_BOOL_CONVERSION = YES;
				CLANG_WARN_CONSTANT_CONVERSION = YES;
				CLANG_WARN_DIRECT_OBJC_ISA_USAGE = YES_ERROR;
				CLANG_WARN_EMPTY_BODY = YES;
				CLANG_WARN_ENUM_CONVERSION = YES;
				CLANG_WARN_INT_CONVERSION = YES;
				CLANG_WARN_OBJC_ROOT_CLASS = YES_ERROR;
				CLANG_WARN_UNREACHABLE_CODE = YES;
				CLANG_WARN__DUPLICATE_METHOD_MATCH = YES;
				"CODE_SIGN_IDENTITY[sdk=iphoneos*]" = "iPhone Developer";
				COPY_PHASE_STRIP = NO;
				DEBUG_INFORMATION_FORMAT = "dwarf-with-dsym";
				ENABLE_NS_ASSERTIONS = NO;
				ENABLE_STRICT_OBJC_MSGSEND = YES;
				GCC_C_LANGUAGE_STANDARD = gnu99;
				GCC_NO_COMMON_BLOCKS = YES;
				GCC_WARN_64_TO_32_BIT_CONVERSION = YES;
				GCC_WARN_ABOUT_RETURN_TYPE = YES_ERROR;
				GCC_WARN_UNDECLARED_SELECTOR = YES;
				GCC_WARN_UNINITIALIZED_AUTOS = YES_AGGRESSIVE;
				GCC_WARN_UNUSED_FUNCTION = YES;
				GCC_WARN_UNUSED_VARIABLE = YES;
				IPHONEOS_DEPLOYMENT_TARGET = 8.0;
				MTL_ENABLE_DEBUG_INFO = NO;
				SDKROOT = iphoneos;
				VALIDATE_PRODUCT = YES;
			};
			name = Release;
		};
		61B6FA771DC4BDB800F386D4 /* Debug */ = {
			isa = XCBuildConfiguration;
			buildSettings = {
				HEADER_SEARCH_PATHS = "third-party/OpenSSL/include";
				LIBRARY_SEARCH_PATHS = (
					"$(inherited)",
					"$(PROJECT_DIR)/third-party/OpenSSL/lib",
				);
				OTHER_LDFLAGS = "-ObjC";
				PRODUCT_NAME = QuickRSA;
				SKIP_INSTALL = YES;
			};
			name = Debug;
		};
		61B6FA781DC4BDB800F386D4 /* Release */ = {
			isa = XCBuildConfiguration;
			buildSettings = {
				HEADER_SEARCH_PATHS = "third-party/OpenSSL/include";
				LIBRARY_SEARCH_PATHS = (
					"$(inherited)",
					"$(PROJECT_DIR)/third-party/OpenSSL/lib",
				);
				OTHER_LDFLAGS = "-ObjC";
				PRODUCT_NAME = QuickRSA;
				SKIP_INSTALL = YES;
			};
			name = Release;
		};
/* End XCBuildConfiguration section */

/* Begin XCConfigurationList section */
		61B6FA681DC4BDB700F386D4 /* Build configuration list for PBXProject "QuickRSA" */ = {
			isa = XCConfigurationList;
			buildConfigurations = (
				61B6FA741DC4BDB800F386D4 /* Debug */,
				61B6FA751DC4BDB800F386D4 /* Release */,
			);
			defaultConfigurationIsVisible = 0;
			defaultConfigurationName = Release;
		};
		61B6FA761DC4BDB800F386D4 /* Build configuration list for PBXNativeTarget "QuickRSA" */ = {
			isa = XCConfigurationList;
			buildConfigurations = (
				61B6FA771DC4BDB800F386D4 /* Debug */,
				61B6FA781DC4BDB800F386D4 /* Release */,
			);
			defaultConfigurationIsVisible = 0;
			defaultConfigurationName = Release;
		};
/* End XCConfigurationList section */
	};
	rootObject = 61B6FA651DC4BDB700F386D4 /* Project object */;
}
